{
	"image": "ghcr.io/voidcraft-labs/commcare-nova-proof@sha256:34f95b5cca992edb4e0d189d1a194a3873cd2515c32d6207f45c1cf0f03501f6",
	"pins": {
		"commcare-hq": "f57e85e029130ceb576ea6d0f389b744509de6c9",
		"commcare-core": "8e9ba8d908e95f4dc71c9ade0467c6ebfbfbd305",
		"commcare-android": "fd79cac4a0f1b759f8b5fb297e1e300fa22eaff5",
		"commcare-connect": "4a200c9d93a63196e8b58b57ec6d24d6bb740c94"
	}
}
